Microsoft Visual Studio Solution File, Format Version 11.00
# Visual Studio 2008

Project("{3CFB212D-1667-A14F-B821-F9A20B7FB188}") = "TGL_Project", "Assembly-CSharp.csproj", "{14829697-8AED-F467-2A48-DA178DD5672C}"
EndProject
Global
	GlobalSection(SolutionConfigurationPlatforms) = preSolution
		Debug|Any CPU = Debug|Any CPU
		Release|Any CPU = Release|Any CPU
	EndGlobalSection
	GlobalSection(ProjectConfigurationPlatforms) = postSolution
		{14829697-8AED-F467-2A48-DA178DD5672C}.Debug|Any CPU.ActiveCfg = Debug|Any CPU
		{14829697-8AED-F467-2A48-DA178DD5672C}.Debug|Any CPU.Build.0 = Debug|Any CPU
		{14829697-8AED-F467-2A48-DA178DD5672C}.Release|Any CPU.ActiveCfg = Release|Any CPU
		{14829697-8AED-F467-2A48-DA178DD5672C}.Release|Any CPU.Build.0 = Release|Any CPU
	EndGlobalSection
	GlobalSection(SolutionProperties) = preSolution
		HideSolutionNode = FALSE
	EndGlobalSection
	GlobalSection(MonoDevelopProperties) = preSolution
		StartupItem = Assembly-CSharp.csproj
	EndGlobalSection
EndGlobal
